# This file is automatically @generated by Poetry 1.8.2 and should not be changed by hand.

[[package]]
name = "clang"
version = "17.0.6"
description = "libclang python bindings"
optional = false
python-versions = "*"
files = [
    {file = "clang-17.0.6-py3-none-any.whl", hash = "sha256:d05ad6dddc9b360e94b9420e239c639a9117902cce8a57fd288a5226eea3092e"},
    {file = "clang-17.0.6.tar.gz", hash = "sha256:d228511e6a29e866dcbe99e10ed10649317b9b3e636ba805f6867b7afb6e8c44"},
]

[[package]]
name = "libclang"
version = "18.1.1"
description = "Clang Python Bindings, mirrored from the official LLVM repo: https://github.com/llvm/llvm-project/tree/main/clang/bindings/python, to make the installation process easier."
optional = false
python-versions = "*"
files = [
    {file = "libclang-18.1.1-py2.py3-none-macosx_10_9_x86_64.whl", hash = "sha256:6f14c3f194704e5d09769108f03185fce7acaf1d1ae4bbb2f30a72c2400cb7c5"},
    {file = "libclang-18.1.1-py2.py3-none-macosx_11_0_arm64.whl", hash = "sha256:83ce5045d101b669ac38e6da8e58765f12da2d3aafb3b9b98d88b286a60964d8"},
    {file = "libclang-18.1.1-py2.py3-none-manylinux2010_x86_64.whl", hash = "sha256:c533091d8a3bbf7460a00cb6c1a71da93bffe148f172c7d03b1c31fbf8aa2a0b"},
    {file = "libclang-18.1.1-py2.py3-none-manylinux2014_aarch64.whl", hash = "sha256:54dda940a4a0491a9d1532bf071ea3ef26e6dbaf03b5000ed94dd7174e8f9592"},
    {file = "libclang-18.1.1-py2.py3-none-manylinux2014_armv7l.whl", hash = "sha256:cf4a99b05376513717ab5d82a0db832c56ccea4fd61a69dbb7bccf2dfb207dbe"},
    {file = "libclang-18.1.1-py2.py3-none-musllinux_1_2_x86_64.whl", hash = "sha256:69f8eb8f65c279e765ffd28aaa7e9e364c776c17618af8bff22a8df58677ff4f"},
    {file = "libclang-18.1.1-py2.py3-none-win_amd64.whl", hash = "sha256:4dd2d3b82fab35e2bf9ca717d7b63ac990a3519c7e312f19fa8e86dcc712f7fb"},
    {file = "libclang-18.1.1-py2.py3-none-win_arm64.whl", hash = "sha256:3f0e1f49f04d3cd198985fea0511576b0aee16f9ff0e0f0cad7f9c57ec3c20e8"},
    {file = "libclang-18.1.1.tar.gz", hash = "sha256:a1214966d08d73d971287fc3ead8dfaf82eb07fb197680d8b3859dbbbbf78250"},
]

[metadata]
lock-version = "2.0"
python-versions = "^3.11"
content-hash = "6d30089c29c945a62c02952cb81a4ace76f741ca18eb6461c81b5081d4d8543c"
